
Microsoft Visual Studio Solution File, Format Version 12.00
# Visual Studio 15
VisualStudioVersion = 15.0.28307.1022
MinimumVisualStudioVersion = 10.0.40219.1
Project("{FAE04EC0-301F-11D3-BF4B-00C04F79EFBC}") = "大作业", "大作业1\大作业.csproj", "{0E51EAFE-B164-495C-8E80-A1D446C64D44}"
EndProject
Global
	GlobalSection(SolutionConfigurationPlatforms) = preSolution
		Debug|Any CPU = Debug|Any CPU
		Release|Any CPU = Release|Any CPU
	EndGlobalSection
	GlobalSection(ProjectConfigurationPlatforms) = postSolution
		{0E51EAFE-B164-495C-8E80-A1D446C64D44}.Debug|Any CPU.ActiveCfg = Debug|Any CPU
		{0E51EAFE-B164-495C-8E80-A1D446C64D44}.Debug|Any CPU.Build.0 = Debug|Any CPU
		{0E51EAFE-B164-495C-8E80-A1D446C64D44}.Release|Any CPU.ActiveCfg = Release|Any CPU
		{0E51EAFE-B164-495C-8E80-A1D446C64D44}.Release|Any CPU.Build.0 = Release|Any CPU
	EndGlobalSection
	GlobalSection(SolutionProperties) = preSolution
		HideSolutionNode = FALSE
	EndGlobalSection
	GlobalSection(ExtensibilityGlobals) = postSolution
		SolutionGuid = {695FDF58-CBC3-438E-8407-310D544AF91A}
	EndGlobalSection
EndGlobal
